
Microsoft Visual Studio Solution File, Format Version 12.00
# Visual Studio Version 16
VisualStudioVersion = 16.0.30204.135
MinimumVisualStudioVersion = 10.0.40219.1
Project("{FAE04EC0-301F-11D3-BF4B-00C04F79EFBC}") = "svr2010", "svr2010\svr2010.csproj", "{61133435-8B91-4672-A1E4-538F4D28000E}"
EndProject
Global
	GlobalSection(SolutionConfigurationPlatforms) = preSolution
		Debug|Any CPU = Debug|Any CPU
		Release|Any CPU = Release|Any CPU
	EndGlobalSection
	GlobalSection(ProjectConfigurationPlatforms) = postSolution
		{61133435-8B91-4672-A1E4-538F4D28000E}.Debug|Any CPU.ActiveCfg = Debug|Any CPU
		{61133435-8B91-4672-A1E4-538F4D28000E}.Debug|Any CPU.Build.0 = Debug|Any CPU
		{61133435-8B91-4672-A1E4-538F4D28000E}.Release|Any CPU.ActiveCfg = Release|Any CPU
		{61133435-8B91-4672-A1E4-538F4D28000E}.Release|Any CPU.Build.0 = Release|Any CPU
	EndGlobalSection
	GlobalSection(SolutionProperties) = preSolution
		HideSolutionNode = FALSE
	EndGlobalSection
	GlobalSection(ExtensibilityGlobals) = postSolution
		SolutionGuid = {3D59356D-91A2-49A3-A030-2674DB3CB807}
	EndGlobalSection
EndGlobal
